
Microsoft Visual Studio Solution File, Format Version 12.00
# Visual Studio 2012
Project("{FAE04EC0-301F-11D3-BF4B-00C04F79EFBC}") = "BD_Déconnectée", "BD_Déconnectée\BD_Déconnectée.csproj", "{749D0A37-6AE9-473F-B628-37330E8EEC86}"
EndProject
Global
	GlobalSection(SolutionConfigurationPlatforms) = preSolution
		Debug|Any CPU = Debug|Any CPU
		Release|Any CPU = Release|Any CPU
	EndGlobalSection
	GlobalSection(ProjectConfigurationPlatforms) = postSolution
		{749D0A37-6AE9-473F-B628-37330E8EEC86}.Debug|Any CPU.ActiveCfg = Debug|Any CPU
		{749D0A37-6AE9-473F-B628-37330E8EEC86}.Debug|Any CPU.Build.0 = Debug|Any CPU
		{749D0A37-6AE9-473F-B628-37330E8EEC86}.Release|Any CPU.ActiveCfg = Release|Any CPU
		{749D0A37-6AE9-473F-B628-37330E8EEC86}.Release|Any CPU.Build.0 = Release|Any CPU
	EndGlobalSection
	GlobalSection(SolutionProperties) = preSolution
		HideSolutionNode = FALSE
	EndGlobalSection
EndGlobal
